// !$*UTF8*$!
{
	archiveVersion = 1;
	classes = {
	};
	objectVersion = 55;
	objects = {

/* Begin PBXBuildFile section */
		069C2F8427AA5F9200BE60DA /* AppDelegate.swift in Sources */ = {isa = PBXBuildFile; fileRef = 069C2F8327AA5F9200BE60DA /* AppDelegate.swift */; };
		069C2F8627AA5F9200BE60DA /* SceneDelegate.swift in Sources */ = {isa = PBXBuildFile; fileRef = 069C2F8527AA5F9200BE60DA /* SceneDelegate.swift */; };
		069C2F8827AA5F9200BE60DA /* ViewController.swift in Sources */ = {isa = PBXBuildFile; fileRef = 069C2F8727AA5F9200BE60DA /* ViewController.swift */; };
		069C2F8B27AA5F9200BE60DA /* Main.storyboard in Resources */ = {isa = PBXBuildFile; fileRef = 069C2F8927AA5F9200BE60DA /* Main.storyboard */; };
		069C2F8D27AA5F9400BE60DA /* Assets.xcassets in Resources */ = {isa = PBXBuildFile; fileRef = 069C2F8C27AA5F9400BE60DA /* Assets.xcassets */; };
		069C2F9027AA5F9400BE60DA /* LaunchScreen.storyboard in Resources */ = {isa = PBXBuildFile; fileRef = 069C2F8E27AA5F9400BE60DA /* LaunchScreen.storyboard */; };
		069C2F9B27AA5F9400BE60DA /* Project2Tests.swift in Sources */ = {isa = PBXBuildFile; fileRef = 069C2F9A27AA5F9400BE60DA /* Project2Tests.swift */; };
		069C2FA527AA5F9400BE60DA /* Project2UITests.swift in Sources */ = {isa = PBXBuildFile; fileRef = 069C2FA427AA5F9400BE60DA /* Project2UITests.swift */; };
		069C2FA727AA5F9400BE60DA /* Project2UITestsLaunchTests.swift in Sources */ = {isa = PBXBuildFile; fileRef = 069C2FA627AA5F9400BE60DA /* Project2UITestsLaunchTests.swift */; };
/* End PBXBuildFile section */

/* Begin PBXContainerItemProxy section */
		069C2F9727AA5F9400BE60DA /* PBXContainerItemProxy */ = {
			isa = PBXContainerItemProxy;
			containerPortal = 069C2F7827AA5F9200BE60DA /* Project object */;
			proxyType = 1;
			remoteGlobalIDString = 069C2F7F27AA5F9200BE60DA;
			remoteInfo = Project2;
		};
		069C2FA127AA5F9400BE60DA /* PBXContainerItemProxy */ = {
			isa = PBXContainerItemProxy;
			containerPortal = 069C2F7827AA5F9200BE60DA /* Project object */;
			proxyType = 1;
			remoteGlobalIDString = 069C2F7F27AA5F9200BE60DA;
			remoteInfo = Project2;
		};
/* End PBXContainerItemProxy section */

/* Begin PBXFileReference section */
		069C2F8027AA5F9200BE60DA /* Project2.app */ = {isa = PBXFileReference; explicitFileType = wrapper.application; includeInIndex = 0; path = Project2.app; sourceTree = BUILT_PRODUCTS_DIR; };
		069C2F8327AA5F9200BE60DA /* AppDelegate.swift */ = {isa = PBXFileReference; lastKnownFileType = sourcecode.swift; path = AppDelegate.swift; sourceTree = "<group>"; };
		069C2F8527AA5F9200BE60DA /* SceneDelegate.swift */ = {isa = PBXFileReference; lastKnownFileType = sourcecode.swift; path = SceneDelegate.swift; sourceTree = "<group>"; };
		069C2F8727AA5F9200BE60DA /* ViewController.swift */ = {isa = PBXFileReference; lastKnownFileType = sourcecode.swift; path = ViewController.swift; sourceTree = "<group>"; };
		069C2F8A27AA5F9200BE60DA /* Base */ = {isa = PBXFileReference; lastKnownFileType = file.storyboard; name = Base; path = Base.lproj/Main.storyboard; sourceTree = "<group>"; };
		069C2F8C27AA5F9400BE60DA /* Assets.xcassets */ = {isa = PBXFileReference; lastKnownFileType = folder.assetcatalog; path = Assets.xcassets; sourceTree = "<group>"; };
		069C2F8F27AA5F9400BE60DA /* Base */ = {isa = PBXFileReference; lastKnownFileType = file.storyboard; name = Base; path = Base.lproj/LaunchScreen.storyboard; sourceTree = "<group>"; };
		069C2F9127AA5F9400BE60DA /* Info.plist */ = {isa = PBXFileReference; lastKnownFileType = text.plist.xml; path = Info.plist; sourceTree = "<group>"; };
		069C2F9627AA5F9400BE60DA /* Project2Tests.xctest */ = {isa = PBXFileReference; explicitFileType = wrapper.cfbundle; includeInIndex = 0; path = Project2Tests.xctest; sourceTree = BUILT_PRODUCTS_DIR; };
		069C2F9A27AA5F9400BE60DA /* Project2Tests.swift */ = {isa = PBXFileReference; lastKnownFileType = sourcecode.swift; path = Project2Tests.swift; sourceTree = "<group>"; };
		069C2FA027AA5F9400BE60DA /* Project2UITests.xctest */ = {isa = PBXFileReference; explicitFileType = wrapper.cfbundle; includeInIndex = 0; path = Project2UITests.xctest; sourceTree = BUILT_PRODUCTS_DIR; };
		069C2FA427AA5F9400BE60DA /* Project2UITests.swift */ = {isa = PBXFileReference; lastKnownFileType = sourcecode.swift; path = Project2UITests.swift; sourceTree = "<group>"; };
		069C2FA627AA5F9400BE60DA /* Project2UITestsLaunchTests.swift */ = {isa = PBXFileReference; lastKnownFileType = sourcecode.swift; path = Project2UITestsLaunchTests.swift; sourceTree = "<group>"; };
/* End PBXFileReference section */

/* Begin PBXFrameworksBuildPhase section */
		069C2F7D27AA5F9200BE60DA /* Frameworks */ = {
			isa = PBXFrameworksBuildPhase;
			buildActionMask = 2147483647;
			files = (
			);
			runOnlyForDeploymentPostprocessing = 0;
		};
		069C2F9327AA5F9400BE60DA /* Frameworks */ = {
			isa = PBXFrameworksBuildPhase;
			buildActionMask = 2147483647;
			files = (
			);
			runOnlyForDeploymentPostprocessing = 0;
		};
		069C2F9D27AA5F9400BE60DA /* Frameworks */ = {
			isa = PBXFrameworksBuildPhase;
			buildActionMask = 2147483647;
			files = (
			);
			runOnlyForDeploymentPostprocessing = 0;
		};
/* End PBXFrameworksBuildPhase section */

/* Begin PBXGroup section */
		069C2F7727AA5F9200BE60DA = {
			isa = PBXGroup;
			children = (
				069C2F8227AA5F9200BE60DA /* Project2 */,
				069C2F9927AA5F9400BE60DA /* Project2Tests */,
				069C2FA327AA5F9400BE60DA /* Project2UITests */,
				069C2F8127AA5F9200BE60DA /* Products */,
			);
			sourceTree = "<group>";
		};
		069C2F8127AA5F9200BE60DA /* Products */ = {
			isa = PBXGroup;
			children = (
				069C2F8027AA5F9200BE60DA /* Project2.app */,
				069C2F9627AA5F9400BE60DA /* Project2Tests.xctest */,
				069C2FA027AA5F9400BE60DA /* Project2UITests.xctest */,
			);
			name = Products;
			sourceTree = "<group>";
		};
		069C2F8227AA5F9200BE60DA /* Project2 */ = {
			isa = PBXGroup;
			children = (
				069C2F8327AA5F9200BE60DA /* AppDelegate.swift */,
				069C2F8527AA5F9200BE60DA /* SceneDelegate.swift */,
				069C2F8727AA5F9200BE60DA /* ViewController.swift */,
				069C2F8927AA5F9200BE60DA /* Main.storyboard */,
				069C2F8C27AA5F9400BE60DA /* Assets.xcassets */,
				069C2F8E27AA5F9400BE60DA /* LaunchScreen.storyboard */,
				069C2F9127AA5F9400BE60DA /* Info.plist */,
			);
			path = Project2;
			sourceTree = "<group>";
		};
		069C2F9927AA5F9400BE60DA /* Project2Tests */ = {
			isa = PBXGroup;
			children = (
				069C2F9A27AA5F9400BE60DA /* Project2Tests.swift */,
			);
			path = Project2Tests;
			sourceTree = "<group>";
		};
		069C2FA327AA5F9400BE60DA /* Project2UITests */ = {
			isa = PBXGroup;
			children = (
				069C2FA427AA5F9400BE60DA /* Project2UITests.swift */,
				069C2FA627AA5F9400BE60DA /* Project2UITestsLaunchTests.swift */,
			);
			path = Project2UITests;
			sourceTree = "<group>";
		};
/* End PBXGroup section */

/* Begin PBXNativeTarget section */
		069C2F7F27AA5F9200BE60DA /* Project2 */ = {
			isa = PBXNativeTarget;
			buildConfigurationList = 069C2FAA27AA5F9400BE60DA /* Build configuration list for PBXNativeTarget "Project2" */;
			buildPhases = (
				069C2F7C27AA5F9200BE60DA /* Sources */,
				069C2F7D27AA5F9200BE60DA /* Frameworks */,
				069C2F7E27AA5F9200BE60DA /* Resources */,
			);
			buildRules = (
			);
			dependencies = (
			);
			name = Project2;
			productName = Project2;
			productReference = 069C2F8027AA5F9200BE60DA /* Project2.app */;
			productType = "com.apple.product-type.application";
		};
		069C2F9527AA5F9400BE60DA /* Project2Tests */ = {
			isa = PBXNativeTarget;
			buildConfigurationList = 069C2FAD27AA5F9400BE60DA /* Build configuration list for PBXNativeTarget "Project2Tests" */;
			buildPhases = (
				069C2F9227AA5F9400BE60DA /* Sources */,
				069C2F9327AA5F9400BE60DA /* Frameworks */,
				069C2F9427AA5F9400BE60DA /* Resources */,
			);
			buildRules = (
			);
			dependencies = (
				069C2F9827AA5F9400BE60DA /* PBXTargetDependency */,
			);
			name = Project2Tests;
			productName = Project2Tests;
			productReference = 069C2F9627AA5F9400BE60DA /* Project2Tests.xctest */;
			productType = "com.apple.product-type.bundle.unit-test";
		};
		069C2F9F27AA5F9400BE60DA /* Project2UITests */ = {
			isa = PBXNativeTarget;
			buildConfigurationList = 069C2FB027AA5F9400BE60DA /* Build configuration list for PBXNativeTarget "Project2UITests" */;
			buildPhases = (
				069C2F9C27AA5F9400BE60DA /* Sources */,
				069C2F9D27AA5F9400BE60DA /* Frameworks */,
				069C2F9E27AA5F9400BE60DA /* Resources */,
			);
			buildRules = (
			);
			dependencies = (
				069C2FA227AA5F9400BE60DA /* PBXTargetDependency */,
			);
			name = Project2UITests;
			productName = Project2UITests;
			productReference = 069C2FA027AA5F9400BE60DA /* Project2UITests.xctest */;
			productType = "com.apple.product-type.bundle.ui-testing";
		};
/* End PBXNativeTarget section */

/* Begin PBXProject section */
		069C2F7827AA5F9200BE60DA /* Project object */ = {
			isa = PBXProject;
			attributes = {
				BuildIndependentTargetsInParallel = 1;
				LastSwiftUpdateCheck = 1320;
				LastUpgradeCheck = 1320;
				TargetAttributes = {
					069C2F7F27AA5F9200BE60DA = {
						CreatedOnToolsVersion = 13.2.1;
					};
					069C2F9527AA5F9400BE60DA = {
						CreatedOnToolsVersion = 13.2.1;
						TestTargetID = 069C2F7F27AA5F9200BE60DA;
					};
					069C2F9F27AA5F9400BE60DA = {
						CreatedOnToolsVersion = 13.2.1;
						TestTargetID = 069C2F7F27AA5F9200BE60DA;
					};
				};
			};
			buildConfigurationList = 069C2F7B27AA5F9200BE60DA /* Build configuration list for PBXProject "Project2" */;
			compatibilityVersion = "Xcode 13.0";
			developmentRegion = en;
			hasScannedForEncodings = 0;
			knownRegions = (
				en,
				Base,
			);
			mainGroup = 069C2F7727AA5F9200BE60DA;
			productRefGroup = 069C2F8127AA5F9200BE60DA /* Products */;
			projectDirPath = "";
			projectRoot = "";
			targets = (
				069C2F7F27AA5F9200BE60DA /* Project2 */,
				069C2F9527AA5F9400BE60DA /* Project2Tests */,
				069C2F9F27AA5F9400BE60DA /* Project2UITests */,
			);
		};
/* End PBXProject section */

/* Begin PBXResourcesBuildPhase section */
		069C2F7E27AA5F9200BE60DA /* Resources */ = {
			isa = PBXResourcesBuildPhase;
			buildActionMask = 2147483647;
			files = (
				069C2F9027AA5F9400BE60DA /* LaunchScreen.storyboard in Resources */,
				069C2F8D27AA5F9400BE60DA /* Assets.xcassets in Resources */,
				069C2F8B27AA5F9200BE60DA /* Main.storyboard in Resources */,
			);
			runOnlyForDeploymentPostprocessing = 0;
		};
		069C2F9427AA5F9400BE60DA /* Resources */ = {
			isa = PBXResourcesBuildPhase;
			buildActionMask = 2147483647;
			files = (
			);
			runOnlyForDeploymentPostprocessing = 0;
		};
		069C2F9E27AA5F9400BE60DA /* Resources */ = {
			isa = PBXResourcesBuildPhase;
			buildActionMask = 2147483647;
			files = (
			);
			runOnlyForDeploymentPostprocessing = 0;
		};
/* End PBXResourcesBuildPhase section */

/* Begin PBXSourcesBuildPhase section */
		069C2F7C27AA5F9200BE60DA /* Sources */ = {
			isa = PBXSourcesBuildPhase;
			buildActionMask = 2147483647;
			files = (
				069C2F8827AA5F9200BE60DA /* ViewController.swift in Sources */,
				069C2F8427AA5F9200BE60DA /* AppDelegate.swift in Sources */,
				069C2F8627AA5F9200BE60DA /* SceneDelegate.swift in Sources */,
			);
			runOnlyForDeploymentPostprocessing = 0;
		};
		069C2F9227AA5F9400BE60DA /* Sources */ = {
			isa = PBXSourcesBuildPhase;
			buildActionMask = 2147483647;
			files = (
				069C2F9B27AA5F9400BE60DA /* Project2Tests.swift in Sources */,
			);
			runOnlyForDeploymentPostprocessing = 0;
		};
		069C2F9C27AA5F9400BE60DA /* Sources */ = {
			isa = PBXSourcesBuildPhase;
			buildActionMask = 2147483647;
			files = (
				069C2FA727AA5F9400BE60DA /* Project2UITestsLaunchTests.swift in Sources */,
				069C2FA527AA5F9400BE60DA /* Project2UITests.swift in Sources */,
			);
			runOnlyForDeploymentPostprocessing = 0;
		};
/* End PBXSourcesBuildPhase section */

/* Begin PBXTargetDependency section */
		069C2F9827AA5F9400BE60DA /* PBXTargetDependency */ = {
			isa = PBXTargetDependency;
			target = 069C2F7F27AA5F9200BE60DA /* Project2 */;
			targetProxy = 069C2F9727AA5F9400BE60DA /* PBXContainerItemProxy */;
		};
		069C2FA227AA5F9400BE60DA /* PBXTargetDependency */ = {
			isa = PBXTargetDependency;
			target = 069C2F7F27AA5F9200BE60DA /* Project2 */;
			targetProxy = 069C2FA127AA5F9400BE60DA /* PBXContainerItemProxy */;
		};
/* End PBXTargetDependency section */

/* Begin PBXVariantGroup section */
		069C2F8927AA5F9200BE60DA /* Main.storyboard */ = {
			isa = PBXVariantGroup;
			children = (
				069C2F8A27AA5F9200BE60DA /* Base */,
			);
			name = Main.storyboard;
			sourceTree = "<group>";
		};
		069C2F8E27AA5F9400BE60DA /* LaunchScreen.storyboard */ = {
			isa = PBXVariantGroup;
			children = (
				069C2F8F27AA5F9400BE60DA /* Base */,
			);
			name = LaunchScreen.storyboard;
			sourceTree = "<group>";
		};
/* End PBXVariantGroup section */

/* Begin XCBuildConfiguration section */
		069C2FA827AA5F9400BE60DA /* Debug */ = {
			isa = XCBuildConfiguration;
			buildSettings = {
				ALWAYS_SEARCH_USER_PATHS = NO;
				CLANG_ANALYZER_NONNULL = YES;
				CLANG_ANALYZER_NUMBER_OBJECT_CONVERSION = YES_AGGRESSIVE;
				CLANG_CXX_LANGUAGE_STANDARD = "gnu++17";
				CLANG_CXX_LIBRARY = "libc++";
				CLANG_ENABLE_MODULES = YES;
				CLANG_ENABLE_OBJC_ARC = YES;
				CLANG_ENABLE_OBJC_WEAK = YES;
				CLANG_WARN_BLOCK_CAPTURE_AUTORELEASING = YES;
				CLANG_WARN_BOOL_CONVERSION = YES;
				CLANG_WARN_COMMA = YES;
				CLANG_WARN_CONSTANT_CONVERSION = YES;
				CLANG_WARN_DEPRECATED_OBJC_IMPLEMENTATIONS = YES;
				CLANG_WARN_DIRECT_OBJC_ISA_USAGE = YES_ERROR;
				CLANG_WARN_DOCUMENTATION_COMMENTS = YES;
				CLANG_WARN_EMPTY_BODY = YES;
				CLANG_WARN_ENUM_CONVERSION = YES;
				CLANG_WARN_INFINITE_RECURSION = YES;
				CLANG_WARN_INT_CONVERSION = YES;
				CLANG_WARN_NON_LITERAL_NULL_CONVERSION = YES;
				CLANG_WARN_OBJC_IMPLICIT_RETAIN_SELF = YES;
				CLANG_WARN_OBJC_LITERAL_CONVERSION = YES;
				CLANG_WARN_OBJC_ROOT_CLASS = YES_ERROR;
				CLANG_WARN_QUOTED_INCLUDE_IN_FRAMEWORK_HEADER = YES;
				CLANG_WARN_RANGE_LOOP_ANALYSIS = YES;
				CLANG_WARN_STRICT_PROTOTYPES = YES;
				CLANG_WARN_SUSPICIOUS_MOVE = YES;
				CLANG_WARN_UNGUARDED_AVAILABILITY = YES_AGGRESSIVE;
				CLANG_WARN_UNREACHABLE_CODE = YES;
				CLANG_WARN__DUPLICATE_METHOD_MATCH = YES;
				COPY_PHASE_STRIP = NO;
				DEBUG_INFORMATION_FORMAT = dwarf;
				ENABLE_STRICT_OBJC_MSGSEND = YES;
				ENABLE_TESTABILITY = YES;
				GCC_C_LANGUAGE_STANDARD = gnu11;
				GCC_DYNAMIC_NO_PIC = NO;
				GCC_NO_COMMON_BLOCKS = YES;
				GCC_OPTIMIZATION_LEVEL = 0;
				GCC_PREPROCESSOR_DEFINITIONS = (
					"DEBUG=1",
					"$(inherited)",
				);
				GCC_WARN_64_TO_32_BIT_CONVERSION = YES;
				GCC_WARN_ABOUT_RETURN_TYPE = YES_ERROR;
				GCC_WARN_UNDECLARED_SELECTOR = YES;
				GCC_WARN_UNINITIALIZED_AUTOS = YES_AGGRESSIVE;
				GCC_WARN_UNUSED_FUNCTION = YES;
				GCC_WARN_UNUSED_VARIABLE = YES;
				IPHONEOS_DEPLOYMENT_TARGET = 15.2;
				MTL_ENABLE_DEBUG_INFO = INCLUDE_SOURCE;
				MTL_FAST_MATH = YES;
				ONLY_ACTIVE_ARCH = YES;
				SDKROOT = iphoneos;
				SWIFT_ACTIVE_COMPILATION_CONDITIONS = DEBUG;
				SWIFT_OPTIMIZATION_LEVEL = "-Onone";
			};
			name = Debug;
		};
		069C2FA927AA5F9400BE60DA /* Release */ = {
			isa = XCBuildConfiguration;
			buildSettings = {
				ALWAYS_SEARCH_USER_PATHS = NO;
				CLANG_ANALYZER_NONNULL = YES;
				CLANG_ANALYZER_NUMBER_OBJECT_CONVERSION = YES_AGGRESSIVE;
				CLANG_CXX_LANGUAGE_STANDARD = "gnu++17";
				CLANG_CXX_LIBRARY = "libc++";
				CLANG_ENABLE_MODULES = YES;
				CLANG_ENABLE_OBJC_ARC = YES;
				CLANG_ENABLE_OBJC_WEAK = YES;
				CLANG_WARN_BLOCK_CAPTURE_AUTORELEASING = YES;
				CLANG_WARN_BOOL_CONVERSION = YES;
				CLANG_WARN_COMMA = YES;
				CLANG_WARN_CONSTANT_CONVERSION = YES;
				CLANG_WARN_DEPRECATED_OBJC_IMPLEMENTATIONS = YES;
				CLANG_WARN_DIRECT_OBJC_ISA_USAGE = YES_ERROR;
				CLANG_WARN_DOCUMENTATION_COMMENTS = YES;
				CLANG_WARN_EMPTY_BODY = YES;
				CLANG_WARN_ENUM_CONVERSION = YES;
				CLANG_WARN_INFINITE_RECURSION = YES;
				CLANG_WARN_INT_CONVERSION = YES;
				CLANG_WARN_NON_LITERAL_NULL_CONVERSION = YES;
				CLANG_WARN_OBJC_IMPLICIT_RETAIN_SELF = YES;
				CLANG_WARN_OBJC_LITERAL_CONVERSION = YES;
				CLANG_WARN_OBJC_ROOT_CLASS = YES_ERROR;
				CLANG_WARN_QUOTED_INCLUDE_IN_FRAMEWORK_HEADER = YES;
				CLANG_WARN_RANGE_LOOP_ANALYSIS = YES;
				CLANG_WARN_STRICT_PROTOTYPES = YES;
				CLANG_WARN_SUSPICIOUS_MOVE = YES;
				CLANG_WARN_UNGUARDED_AVAILABILITY = YES_AGGRESSIVE;
				CLANG_WARN_UNREACHABLE_CODE = YES;
				CLANG_WARN__DUPLICATE_METHOD_MATCH = YES;
				COPY_PHASE_STRIP = NO;
				DEBUG_INFORMATION_FORMAT = "dwarf-with-dsym";
				ENABLE_NS_ASSERTIONS = NO;
				ENABLE_STRICT_OBJC_MSGSEND = YES;
				GCC_C_LANGUAGE_STANDARD = gnu11;
				GCC_NO_COMMON_BLOCKS = YES;
				GCC_WARN_64_TO_32_BIT_CONVERSION = YES;
				GCC_WARN_ABOUT_RETURN_TYPE = YES_ERROR;
				GCC_WARN_UNDECLARED_SELECTOR = YES;
				GCC_WARN_UNINITIALIZED_AUTOS = YES_AGGRESSIVE;
				GCC_WARN_UNUSED_FUNCTION = YES;
				GCC_WARN_UNUSED_VARIABLE = YES;
				IPHONEOS_DEPLOYMENT_TARGET = 15.2;
				MTL_ENABLE_DEBUG_INFO = NO;
				MTL_FAST_MATH = YES;
				SDKROOT = iphoneos;
				SWIFT_COMPILATION_MODE = wholemodule;
				SWIFT_OPTIMIZATION_LEVEL = "-O";
				VALIDATE_PRODUCT = YES;
			};
			name = Release;
		};
		069C2FAB27AA5F9400BE60DA /* Debug */ = {
			isa = XCBuildConfiguration;
			buildSettings = {
				ASSETCATALOG_COMPILER_APPICON_NAME = AppIcon;
				ASSETCATALOG_COMPILER_GLOBAL_ACCENT_COLOR_NAME = AccentColor;
				CODE_SIGN_STYLE = Automatic;
				CURRENT_PROJECT_VERSION = 1;
				DEVELOPMENT_TEAM = WSJB3J72C6;
				GENERATE_INFOPLIST_FILE = YES;
				INFOPLIST_FILE = Project2/Info.plist;
				INFOPLIST_KEY_UIApplicationSupportsIndirectInputEvents = YES;
				INFOPLIST_KEY_UILaunchStoryboardName = LaunchScreen;
				INFOPLIST_KEY_UIMainStoryboardFile = Main;
				INFOPLIST_KEY_UISupportedInterfaceOrientations_iPad = "UIInterfaceOrientationPortrait UIInterfaceOrientationPortraitUpsideDown UIInterfaceOrientationLandscapeLeft UIInterfaceOrientationLandscapeRight";
				INFOPLIST_KEY_UISupportedInterfaceOrientations_iPhone = "UIInterfaceOrientationPortrait UIInterfaceOrientationLandscapeLeft UIInterfaceOrientationLandscapeRight";
				LD_RUNPATH_SEARCH_PATHS = (
					"$(inherited)",
					"@executable_path/Frameworks",
				);
				MARKETING_VERSION = 1.0;
				PRODUCT_BUNDLE_IDENTIFIER = com.example.Project2;
				PRODUCT_NAME = "$(TARGET_NAME)";
				SWIFT_EMIT_LOC_STRINGS = YES;
				SWIFT_VERSION = 5.0;
				TARGETED_DEVICE_FAMILY = "1,2";
			};
			name = Debug;
		};
		069C2FAC27AA5F9400BE60DA /* Release */ = {
			isa = XCBuildConfiguration;
			buildSettings = {
				ASSETCATALOG_COMPILER_APPICON_NAME = AppIcon;
				ASSETCATALOG_COMPILER_GLOBAL_ACCENT_COLOR_NAME = AccentColor;
				CODE_SIGN_STYLE = Automatic;
				CURRENT_PROJECT_VERSION = 1;
				DEVELOPMENT_TEAM = WSJB3J72C6;
				GENERATE_INFOPLIST_FILE = YES;
				INFOPLIST_FILE = Project2/Info.plist;
				INFOPLIST_KEY_UIApplicationSupportsIndirectInputEvents = YES;
				INFOPLIST_KEY_UILaunchStoryboardName = LaunchScreen;
				INFOPLIST_KEY_UIMainStoryboardFile = Main;
				INFOPLIST_KEY_UISupportedInterfaceOrientations_iPad = "UIInterfaceOrientationPortrait UIInterfaceOrientationPortraitUpsideDown UIInterfaceOrientationLandscapeLeft UIInterfaceOrientationLandscapeRight";
				INFOPLIST_KEY_UISupportedInterfaceOrientations_iPhone = "UIInterfaceOrientationPortrait UIInterfaceOrientationLandscapeLeft UIInterfaceOrientationLandscapeRight";
				LD_RUNPATH_SEARCH_PATHS = (
					"$(inherited)",
					"@executable_path/Frameworks",
				);
				MARKETING_VERSION = 1.0;
				PRODUCT_BUNDLE_IDENTIFIER = com.example.Project2;
				PRODUCT_NAME = "$(TARGET_NAME)";
				SWIFT_EMIT_LOC_STRINGS = YES;
				SWIFT_VERSION = 5.0;
				TARGETED_DEVICE_FAMILY = "1,2";
			};
			name = Release;
		};
		069C2FAE27AA5F9400BE60DA /* Debug */ = {
			isa = XCBuildConfiguration;
			buildSettings = {
				ALWAYS_EMBED_SWIFT_STANDARD_LIBRARIES = YES;
				BUNDLE_LOADER = "$(TEST_HOST)";
				CODE_SIGN_STYLE = Automatic;
				CURRENT_PROJECT_VERSION = 1;
				DEVELOPMENT_TEAM = WSJB3J72C6;
				GENERATE_INFOPLIST_FILE = YES;
				IPHONEOS_DEPLOYMENT_TARGET = 15.2;
				MARKETING_VERSION = 1.0;
				PRODUCT_BUNDLE_IDENTIFIER = com.example.Project2Tests;
				PRODUCT_NAME = "$(TARGET_NAME)";
				SWIFT_EMIT_LOC_STRINGS = NO;
				SWIFT_VERSION = 5.0;
				TARGETED_DEVICE_FAMILY = "1,2";
				TEST_HOST = "$(BUILT_PRODUCTS_DIR)/Project2.app/Project2";
			};
			name = Debug;
		};
		069C2FAF27AA5F9400BE60DA /* Release */ = {
			isa = XCBuildConfiguration;
			buildSettings = {
				ALWAYS_EMBED_SWIFT_STANDARD_LIBRARIES = YES;
				BUNDLE_LOADER = "$(TEST_HOST)";
				CODE_SIGN_STYLE = Automatic;
				CURRENT_PROJECT_VERSION = 1;
				DEVELOPMENT_TEAM = WSJB3J72C6;
				GENERATE_INFOPLIST_FILE = YES;
				IPHONEOS_DEPLOYMENT_TARGET = 15.2;
				MARKETING_VERSION = 1.0;
				PRODUCT_BUNDLE_IDENTIFIER = com.example.Project2Tests;
				PRODUCT_NAME = "$(TARGET_NAME)";
				SWIFT_EMIT_LOC_STRINGS = NO;
				SWIFT_VERSION = 5.0;
				TARGETED_DEVICE_FAMILY = "1,2";
				TEST_HOST = "$(BUILT_PRODUCTS_DIR)/Project2.app/Project2";
			};
			name = Release;
		};
		069C2FB127AA5F9400BE60DA /* Debug */ = {
			isa = XCBuildConfiguration;
			buildSettings = {
				ALWAYS_EMBED_SWIFT_STANDARD_LIBRARIES = YES;
				CODE_SIGN_STYLE = Automatic;
				CURRENT_PROJECT_VERSION = 1;
				DEVELOPMENT_TEAM = WSJB3J72C6;
				GENERATE_INFOPLIST_FILE = YES;
				MARKETING_VERSION = 1.0;
				PRODUCT_BUNDLE_IDENTIFIER = com.example.Project2UITests;
				PRODUCT_NAME = "$(TARGET_NAME)";
				SWIFT_EMIT_LOC_STRINGS = NO;
				SWIFT_VERSION = 5.0;
				TARGETED_DEVICE_FAMILY = "1,2";
				TEST_TARGET_NAME = Project2;
			};
			name = Debug;
		};
		069C2FB227AA5F9400BE60DA /* Release */ = {
			isa = XCBuildConfiguration;
			buildSettings = {
				ALWAYS_EMBED_SWIFT_STANDARD_LIBRARIES = YES;
				CODE_SIGN_STYLE = Automatic;
				CURRENT_PROJECT_VERSION = 1;
				DEVELOPMENT_TEAM = WSJB3J72C6;
				GENERATE_INFOPLIST_FILE = YES;
				MARKETING_VERSION = 1.0;
				PRODUCT_BUNDLE_IDENTIFIER = com.example.Project2UITests;
				PRODUCT_NAME = "$(TARGET_NAME)";
				SWIFT_EMIT_LOC_STRINGS = NO;
				SWIFT_VERSION = 5.0;
				TARGETED_DEVICE_FAMILY = "1,2";
				TEST_TARGET_NAME = Project2;
			};
			name = Release;
		};
/* End XCBuildConfiguration section */

/* Begin XCConfigurationList section */
		069C2F7B27AA5F9200BE60DA /* Build configuration list for PBXProject "Project2" */ = {
			isa = XCConfigurationList;
			buildConfigurations = (
				069C2FA827AA5F9400BE60DA /* Debug */,
				069C2FA927AA5F9400BE60DA /* Release */,
			);
			defaultConfigurationIsVisible = 0;
			defaultConfigurationName = Release;
		};
		069C2FAA27AA5F9400BE60DA /* Build configuration list for PBXNativeTarget "Project2" */ = {
			isa = XCConfigurationList;
			buildConfigurations = (
				069C2FAB27AA5F9400BE60DA /* Debug */,
				069C2FAC27AA5F9400BE60DA /* Release */,
			);
			defaultConfigurationIsVisible = 0;
			defaultConfigurationName = Release;
		};
		069C2FAD27AA5F9400BE60DA /* Build configuration list for PBXNativeTarget "Project2Tests" */ = {
			isa = XCConfigurationList;
			buildConfigurations = (
				069C2FAE27AA5F9400BE60DA /* Debug */,
				069C2FAF27AA5F9400BE60DA /* Release */,
			);
			defaultConfigurationIsVisible = 0;
			defaultConfigurationName = Release;
		};
		069C2FB027AA5F9400BE60DA /* Build configuration list for PBXNativeTarget "Project2UITests" */ = {
			isa = XCConfigurationList;
			buildConfigurations = (
				069C2FB127AA5F9400BE60DA /* Debug */,
				069C2FB227AA5F9400BE60DA /* Release */,
			);
			defaultConfigurationIsVisible = 0;
			defaultConfigurationName = Release;
		};
/* End XCConfigurationList section */
	};
	rootObject = 069C2F7827AA5F9200BE60DA /* Project object */;
}
